
Microsoft Visual Studio Solution File, Format Version 12.00
# Visual Studio Version 17
VisualStudioVersion = 17.2.32505.173
MinimumVisualStudioVersion = 10.0.40219.1
Project("{FAE04EC0-301F-11D3-BF4B-00C04F79EFBC}") = "War_Preparations", "War_Preparations\War_Preparations.csproj", "{D9A8FEB0-FF66-41B8-A29A-5D9E4493925C}"
EndProject
Global
	GlobalSection(SolutionConfigurationPlatforms) = preSolution
		Debug|Any CPU = Debug|Any CPU
		Release|Any CPU = Release|Any CPU
	EndGlobalSection
	GlobalSection(ProjectConfigurationPlatforms) = postSolution
		{D9A8FEB0-FF66-41B8-A29A-5D9E4493925C}.Debug|Any CPU.ActiveCfg = Debug|Any CPU
		{D9A8FEB0-FF66-41B8-A29A-5D9E4493925C}.Debug|Any CPU.Build.0 = Debug|Any CPU
		{D9A8FEB0-FF66-41B8-A29A-5D9E4493925C}.Release|Any CPU.ActiveCfg = Release|Any CPU
		{D9A8FEB0-FF66-41B8-A29A-5D9E4493925C}.Release|Any CPU.Build.0 = Release|Any CPU
	EndGlobalSection
	GlobalSection(SolutionProperties) = preSolution
		HideSolutionNode = FALSE
	EndGlobalSection
	GlobalSection(ExtensibilityGlobals) = postSolution
		SolutionGuid = {0E4D3A15-7475-49EB-98A0-282888C21EC9}
	EndGlobalSection
EndGlobal
